// !$*UTF8*$!
{
	archiveVersion = 1;
	classes = {
	};
	objectVersion = 51;
	objects = {

/* Begin PBXBuildFile section */
		042EB6912901ED6777C7286D /* Pods_WeatherApxTests.framework in Frameworks */ = {isa = PBXBuildFile; fileRef = 708311F6D6F1E53E00A41C6C /* Pods_WeatherApxTests.framework */; };
		3F1BA147975252A38EA772F9 /* Pods_WeatherApx_WeatherApxUITests.framework in Frameworks */ = {isa = PBXBuildFile; fileRef = E41F1C1FC473AA7158EAF524 /* Pods_WeatherApx_WeatherApxUITests.framework */; };
		3F31825A259B5E2F0038DB91 /* WeatherViewController.swift in Sources */ = {isa = PBXBuildFile; fileRef = 3F318259259B5E2F0038DB91 /* WeatherViewController.swift */; };
		3F318265259B63AD0038DB91 /* WeatherManager.swift in Sources */ = {isa = PBXBuildFile; fileRef = 3F318264259B63AD0038DB91 /* WeatherManager.swift */; };
		3F31826A259B654B0038DB91 /* WeatherModel.swift in Sources */ = {isa = PBXBuildFile; fileRef = 3F318269259B654B0038DB91 /* WeatherModel.swift */; };
		3F31826F259B65770038DB91 /* WeatherData.swift in Sources */ = {isa = PBXBuildFile; fileRef = 3F31826E259B65770038DB91 /* WeatherData.swift */; };
		3F31827D25A30B040038DB91 /* DetailViewController.swift in Sources */ = {isa = PBXBuildFile; fileRef = 3F31827C25A30B040038DB91 /* DetailViewController.swift */; };
		3F31828925A329F60038DB91 /* DetailModel.swift in Sources */ = {isa = PBXBuildFile; fileRef = 3F31828825A329F60038DB91 /* DetailModel.swift */; };
		3F31828E25A32A200038DB91 /* DetailData.swift in Sources */ = {isa = PBXBuildFile; fileRef = 3F31828D25A32A200038DB91 /* DetailData.swift */; };
		3F31829325A331110038DB91 /* DetailManager.swift in Sources */ = {isa = PBXBuildFile; fileRef = 3F31829225A331110038DB91 /* DetailManager.swift */; };
		3F7221D62597881C0077EFBC /* AppDelegate.swift in Sources */ = {isa = PBXBuildFile; fileRef = 3F7221D52597881C0077EFBC /* AppDelegate.swift */; };
		3F7221D82597881C0077EFBC /* SceneDelegate.swift in Sources */ = {isa = PBXBuildFile; fileRef = 3F7221D72597881C0077EFBC /* SceneDelegate.swift */; };
		3F7221DD2597881C0077EFBC /* Main.storyboard in Resources */ = {isa = PBXBuildFile; fileRef = 3F7221DB2597881C0077EFBC /* Main.storyboard */; };
		3F7221DF2597881E0077EFBC /* Assets.xcassets in Resources */ = {isa = PBXBuildFile; fileRef = 3F7221DE2597881E0077EFBC /* Assets.xcassets */; };
		3F7221E22597881E0077EFBC /* LaunchScreen.storyboard in Resources */ = {isa = PBXBuildFile; fileRef = 3F7221E02597881E0077EFBC /* LaunchScreen.storyboard */; };
		3F7221ED2597881F0077EFBC /* WeatherApxTests.swift in Sources */ = {isa = PBXBuildFile; fileRef = 3F7221EC2597881F0077EFBC /* WeatherApxTests.swift */; };
		3F7221F82597881F0077EFBC /* WeatherApxUITests.swift in Sources */ = {isa = PBXBuildFile; fileRef = 3F7221F72597881F0077EFBC /* WeatherApxUITests.swift */; };
		3F77C86825A84183001537C3 /* BottomSheetViewController.swift in Sources */ = {isa = PBXBuildFile; fileRef = 3F77C86725A84183001537C3 /* BottomSheetViewController.swift */; };
		3F77C8A325A8893F001537C3 /* NotificationViewController.swift in Sources */ = {isa = PBXBuildFile; fileRef = 3F77C8A225A8893F001537C3 /* NotificationViewController.swift */; };
		4006AF35049064A20DA16DD0 /* Pods_WeatherApx.framework in Frameworks */ = {isa = PBXBuildFile; fileRef = 1D0DDE110BC0891ED911EDCC /* Pods_WeatherApx.framework */; };
/* End PBXBuildFile section */

/* Begin PBXContainerItemProxy section */
		3F7221E92597881F0077EFBC /* PBXContainerItemProxy */ = {
			isa = PBXContainerItemProxy;
			containerPortal = 3F7221CA2597881C0077EFBC /* Project object */;
			proxyType = 1;
			remoteGlobalIDString = 3F7221D12597881C0077EFBC;
			remoteInfo = WeatherApx;
		};
		3F7221F42597881F0077EFBC /* PBXContainerItemProxy */ = {
			isa = PBXContainerItemProxy;
			containerPortal = 3F7221CA2597881C0077EFBC /* Project object */;
			proxyType = 1;
			remoteGlobalIDString = 3F7221D12597881C0077EFBC;
			remoteInfo = WeatherApx;
		};
/* End PBXContainerItemProxy section */

/* Begin PBXFileReference section */
		1D0DDE110BC0891ED911EDCC /* Pods_WeatherApx.framework */ = {isa = PBXFileReference; explicitFileType = wrapper.framework; includeInIndex = 0; path = Pods_WeatherApx.framework; sourceTree = BUILT_PRODUCTS_DIR; };
		23F4D253BB4E4A705C946929 /* Pods-WeatherApx.debug.xcconfig */ = {isa = PBXFileReference; includeInIndex = 1; lastKnownFileType = text.xcconfig; name = "Pods-WeatherApx.debug.xcconfig"; path = "Target Support Files/Pods-WeatherApx/Pods-WeatherApx.debug.xcconfig"; sourceTree = "<group>"; };
		3F318259259B5E2F0038DB91 /* WeatherViewController.swift */ = {isa = PBXFileReference; lastKnownFileType = sourcecode.swift; path = WeatherViewController.swift; sourceTree = "<group>"; };
		3F318264259B63AD0038DB91 /* WeatherManager.swift */ = {isa = PBXFileReference; lastKnownFileType = sourcecode.swift; path = WeatherManager.swift; sourceTree = "<group>"; };
		3F318269259B654B0038DB91 /* WeatherModel.swift */ = {isa = PBXFileReference; lastKnownFileType = sourcecode.swift; path = WeatherModel.swift; sourceTree = "<group>"; };
		3F31826E259B65770038DB91 /* WeatherData.swift */ = {isa = PBXFileReference; lastKnownFileType = sourcecode.swift; path = WeatherData.swift; sourceTree = "<group>"; };
		3F31827C25A30B040038DB91 /* DetailViewController.swift */ = {isa = PBXFileReference; lastKnownFileType = sourcecode.swift; path = DetailViewController.swift; sourceTree = "<group>"; };
		3F31828825A329F60038DB91 /* DetailModel.swift */ = {isa = PBXFileReference; lastKnownFileType = sourcecode.swift; path = DetailModel.swift; sourceTree = "<group>"; };
		3F31828D25A32A200038DB91 /* DetailData.swift */ = {isa = PBXFileReference; lastKnownFileType = sourcecode.swift; path = DetailData.swift; sourceTree = "<group>"; };
		3F31829225A331110038DB91 /* DetailManager.swift */ = {isa = PBXFileReference; lastKnownFileType = sourcecode.swift; path = DetailManager.swift; sourceTree = "<group>"; };
		3F7221D22597881C0077EFBC /* WeatherApx.app */ = {isa = PBXFileReference; explicitFileType = wrapper.application; includeInIndex = 0; path = WeatherApx.app; sourceTree = BUILT_PRODUCTS_DIR; };
		3F7221D52597881C0077EFBC /* AppDelegate.swift */ = {isa = PBXFileReference; lastKnownFileType = sourcecode.swift; path = AppDelegate.swift; sourceTree = "<group>"; };
		3F7221D72597881C0077EFBC /* SceneDelegate.swift */ = {isa = PBXFileReference; lastKnownFileType = sourcecode.swift; path = SceneDelegate.swift; sourceTree = "<group>"; };
		3F7221DC2597881C0077EFBC /* Base */ = {isa = PBXFileReference; lastKnownFileType = file.storyboard; name = Base; path = Base.lproj/Main.storyboard; sourceTree = "<group>"; };
		3F7221DE2597881E0077EFBC /* Assets.xcassets */ = {isa = PBXFileReference; lastKnownFileType = folder.assetcatalog; path = Assets.xcassets; sourceTree = "<group>"; };
		3F7221E12597881E0077EFBC /* Base */ = {isa = PBXFileReference; lastKnownFileType = file.storyboard; name = Base; path = Base.lproj/LaunchScreen.storyboard; sourceTree = "<group>"; };
		3F7221E32597881E0077EFBC /* Info.plist */ = {isa = PBXFileReference; lastKnownFileType = text.plist.xml; path = Info.plist; sourceTree = "<group>"; };
		3F7221E82597881F0077EFBC /* WeatherApxTests.xctest */ = {isa = PBXFileReference; explicitFileType = wrapper.cfbundle; includeInIndex = 0; path = WeatherApxTests.xctest; sourceTree = BUILT_PRODUCTS_DIR; };
		3F7221EC2597881F0077EFBC /* WeatherApxTests.swift */ = {isa = PBXFileReference; lastKnownFileType = sourcecode.swift; path = WeatherApxTests.swift; sourceTree = "<group>"; };
		3F7221EE2597881F0077EFBC /* Info.plist */ = {isa = PBXFileReference; lastKnownFileType = text.plist.xml; path = Info.plist; sourceTree = "<group>"; };
		3F7221F32597881F0077EFBC /* WeatherApxUITests.xctest */ = {isa = PBXFileReference; explicitFileType = wrapper.cfbundle; includeInIndex = 0; path = WeatherApxUITests.xctest; sourceTree = BUILT_PRODUCTS_DIR; };
		3F7221F72597881F0077EFBC /* WeatherApxUITests.swift */ = {isa = PBXFileReference; lastKnownFileType = sourcecode.swift; path = WeatherApxUITests.swift; sourceTree = "<group>"; };
		3F7221F92597881F0077EFBC /* Info.plist */ = {isa = PBXFileReference; lastKnownFileType = text.plist.xml; path = Info.plist; sourceTree = "<group>"; };
		3F77C86725A84183001537C3 /* BottomSheetViewController.swift */ = {isa = PBXFileReference; lastKnownFileType = sourcecode.swift; path = BottomSheetViewController.swift; sourceTree = "<group>"; };
		3F77C8A225A8893F001537C3 /* NotificationViewController.swift */ = {isa = PBXFileReference; lastKnownFileType = sourcecode.swift; path = NotificationViewController.swift; sourceTree = "<group>"; };
		626708F27D992A5D12EA223B /* Pods-WeatherApx-WeatherApxUITests.release.xcconfig */ = {isa = PBXFileReference; includeInIndex = 1; lastKnownFileType = text.xcconfig; name = "Pods-WeatherApx-WeatherApxUITests.release.xcconfig"; path = "Target Support Files/Pods-WeatherApx-WeatherApxUITests/Pods-WeatherApx-WeatherApxUITests.release.xcconfig"; sourceTree = "<group>"; };
		708311F6D6F1E53E00A41C6C /* Pods_WeatherApxTests.framework */ = {isa = PBXFileReference; explicitFileType = wrapper.framework; includeInIndex = 0; path = Pods_WeatherApxTests.framework; sourceTree = BUILT_PRODUCTS_DIR; };
		73DBEAEBE001B5141A4BA636 /* Pods-WeatherApx-WeatherApxUITests.debug.xcconfig */ = {isa = PBXFileReference; includeInIndex = 1; lastKnownFileType = text.xcconfig; name = "Pods-WeatherApx-WeatherApxUITests.debug.xcconfig"; path = "Target Support Files/Pods-WeatherApx-WeatherApxUITests/Pods-WeatherApx-WeatherApxUITests.debug.xcconfig"; sourceTree = "<group>"; };
		7769C76A9817E8280B81A225 /* Pods-WeatherApxTests.release.xcconfig */ = {isa = PBXFileReference; includeInIndex = 1; lastKnownFileType = text.xcconfig; name = "Pods-WeatherApxTests.release.xcconfig"; path = "Target Support Files/Pods-WeatherApxTests/Pods-WeatherApxTests.release.xcconfig"; sourceTree = "<group>"; };
		BD537FF0303A930F975FB32F /* Pods-WeatherApx.release.xcconfig */ = {isa = PBXFileReference; includeInIndex = 1; lastKnownFileType = text.xcconfig; name = "Pods-WeatherApx.release.xcconfig"; path = "Target Support Files/Pods-WeatherApx/Pods-WeatherApx.release.xcconfig"; sourceTree = "<group>"; };
		CEC6A64E50608260E6A7909B /* Pods-WeatherApxTests.debug.xcconfig */ = {isa = PBXFileReference; includeInIndex = 1; lastKnownFileType = text.xcconfig; name = "Pods-WeatherApxTests.debug.xcconfig"; path = "Target Support Files/Pods-WeatherApxTests/Pods-WeatherApxTests.debug.xcconfig"; sourceTree = "<group>"; };
		E41F1C1FC473AA7158EAF524 /* Pods_WeatherApx_WeatherApxUITests.framework */ = {isa = PBXFileReference; explicitFileType = wrapper.framework; includeInIndex = 0; path = Pods_WeatherApx_WeatherApxUITests.framework; sourceTree = BUILT_PRODUCTS_DIR; };
/* End PBXFileReference section */

/* Begin PBXFrameworksBuildPhase section */
		3F7221CF2597881C0077EFBC /* Frameworks */ = {
			isa = PBXFrameworksBuildPhase;
			buildActionMask = 2147483647;
			files = (
				4006AF35049064A20DA16DD0 /* Pods_WeatherApx.framework in Frameworks */,
			);
			runOnlyForDeploymentPostprocessing = 0;
		};
		3F7221E52597881F0077EFBC /* Frameworks */ = {
			isa = PBXFrameworksBuildPhase;
			buildActionMask = 2147483647;
			files = (
				042EB6912901ED6777C7286D /* Pods_WeatherApxTests.framework in Frameworks */,
			);
			runOnlyForDeploymentPostprocessing = 0;
		};
		3F7221F02597881F0077EFBC /* Frameworks */ = {
			isa = PBXFrameworksBuildPhase;
			buildActionMask = 2147483647;
			files = (
				3F1BA147975252A38EA772F9 /* Pods_WeatherApx_WeatherApxUITests.framework in Frameworks */,
			);
			runOnlyForDeploymentPostprocessing = 0;
		};
/* End PBXFrameworksBuildPhase section */

/* Begin PBXGroup section */
		3F7221C92597881C0077EFBC = {
			isa = PBXGroup;
			children = (
				3F7221D42597881C0077EFBC /* WeatherApx */,
				3F7221EB2597881F0077EFBC /* WeatherApxTests */,
				3F7221F62597881F0077EFBC /* WeatherApxUITests */,
				3F7221D32597881C0077EFBC /* Products */,
				79ADC0AA79DC3FEF80BA3401 /* Frameworks */,
				401EAE4A231C13E59232CBFC /* Pods */,
			);
			sourceTree = "<group>";
		};
		3F7221D32597881C0077EFBC /* Products */ = {
			isa = PBXGroup;
			children = (
				3F7221D22597881C0077EFBC /* WeatherApx.app */,
				3F7221E82597881F0077EFBC /* WeatherApxTests.xctest */,
				3F7221F32597881F0077EFBC /* WeatherApxUITests.xctest */,
			);
			name = Products;
			sourceTree = "<group>";
		};
		3F7221D42597881C0077EFBC /* WeatherApx */ = {
			isa = PBXGroup;
			children = (
				3F7221D52597881C0077EFBC /* AppDelegate.swift */,
				3F31826E259B65770038DB91 /* WeatherData.swift */,
				3F318269259B654B0038DB91 /* WeatherModel.swift */,
				3F318259259B5E2F0038DB91 /* WeatherViewController.swift */,
				3F318264259B63AD0038DB91 /* WeatherManager.swift */,
				3F31827C25A30B040038DB91 /* DetailViewController.swift */,
				3F31828825A329F60038DB91 /* DetailModel.swift */,
				3F31828D25A32A200038DB91 /* DetailData.swift */,
				3F31829225A331110038DB91 /* DetailManager.swift */,
				3F77C86725A84183001537C3 /* BottomSheetViewController.swift */,
				3F77C8A225A8893F001537C3 /* NotificationViewController.swift */,
				3F7221DB2597881C0077EFBC /* Main.storyboard */,
				3F7221D72597881C0077EFBC /* SceneDelegate.swift */,
				3F7221DE2597881E0077EFBC /* Assets.xcassets */,
				3F7221E02597881E0077EFBC /* LaunchScreen.storyboard */,
				3F7221E32597881E0077EFBC /* Info.plist */,
			);
			path = WeatherApx;
			sourceTree = "<group>";
		};
		3F7221EB2597881F0077EFBC /* WeatherApxTests */ = {
			isa = PBXGroup;
			children = (
				3F7221EC2597881F0077EFBC /* WeatherApxTests.swift */,
				3F7221EE2597881F0077EFBC /* Info.plist */,
			);
			path = WeatherApxTests;
			sourceTree = "<group>";
		};
		3F7221F62597881F0077EFBC /* WeatherApxUITests */ = {
			isa = PBXGroup;
			children = (
				3F7221F72597881F0077EFBC /* WeatherApxUITests.swift */,
				3F7221F92597881F0077EFBC /* Info.plist */,
			);
			path = WeatherApxUITests;
			sourceTree = "<group>";
		};
		401EAE4A231C13E59232CBFC /* Pods */ = {
			isa = PBXGroup;
			children = (
				23F4D253BB4E4A705C946929 /* Pods-WeatherApx.debug.xcconfig */,
				BD537FF0303A930F975FB32F /* Pods-WeatherApx.release.xcconfig */,
				73DBEAEBE001B5141A4BA636 /* Pods-WeatherApx-WeatherApxUITests.debug.xcconfig */,
				626708F27D992A5D12EA223B /* Pods-WeatherApx-WeatherApxUITests.release.xcconfig */,
				CEC6A64E50608260E6A7909B /* Pods-WeatherApxTests.debug.xcconfig */,
				7769C76A9817E8280B81A225 /* Pods-WeatherApxTests.release.xcconfig */,
			);
			path = Pods;
			sourceTree = "<group>";
		};
		79ADC0AA79DC3FEF80BA3401 /* Frameworks */ = {
			isa = PBXGroup;
			children = (
				1D0DDE110BC0891ED911EDCC /* Pods_WeatherApx.framework */,
				E41F1C1FC473AA7158EAF524 /* Pods_WeatherApx_WeatherApxUITests.framework */,
				708311F6D6F1E53E00A41C6C /* Pods_WeatherApxTests.framework */,
			);
			name = Frameworks;
			sourceTree = "<group>";
		};
/* End PBXGroup section */

/* Begin PBXNativeTarget section */
		3F7221D12597881C0077EFBC /* WeatherApx */ = {
			isa = PBXNativeTarget;
			buildConfigurationList = 3F7221FC2597881F0077EFBC /* Build configuration list for PBXNativeTarget "WeatherApx" */;
			buildPhases = (
				9592DDB50B59CBCECD54170B /* [CP] Check Pods Manifest.lock */,
				3F7221CE2597881C0077EFBC /* Sources */,
				3F7221CF2597881C0077EFBC /* Frameworks */,
				3F7221D02597881C0077EFBC /* Resources */,
				F4C6FC7DEADF958AD61AC5A5 /* [CP] Embed Pods Frameworks */,
			);
			buildRules = (
			);
			dependencies = (
			);
			name = WeatherApx;
			productName = WeatherApx;
			productReference = 3F7221D22597881C0077EFBC /* WeatherApx.app */;
			productType = "com.apple.product-type.application";
		};
		3F7221E72597881F0077EFBC /* WeatherApxTests */ = {
			isa = PBXNativeTarget;
			buildConfigurationList = 3F7221FF2597881F0077EFBC /* Build configuration list for PBXNativeTarget "WeatherApxTests" */;
			buildPhases = (
				0F540A221E16EAA3DEFA7BB9 /* [CP] Check Pods Manifest.lock */,
				3F7221E42597881F0077EFBC /* Sources */,
				3F7221E52597881F0077EFBC /* Frameworks */,
				3F7221E62597881F0077EFBC /* Resources */,
			);
			buildRules = (
			);
			dependencies = (
				3F7221EA2597881F0077EFBC /* PBXTargetDependency */,
			);
			name = WeatherApxTests;
			productName = WeatherApxTests;
			productReference = 3F7221E82597881F0077EFBC /* WeatherApxTests.xctest */;
			productType = "com.apple.product-type.bundle.unit-test";
		};
		3F7221F22597881F0077EFBC /* WeatherApxUITests */ = {
			isa = PBXNativeTarget;
			buildConfigurationList = 3F7222022597881F0077EFBC /* Build configuration list for PBXNativeTarget "WeatherApxUITests" */;
			buildPhases = (
				C92D160E05C38CDC842D8963 /* [CP] Check Pods Manifest.lock */,
				3F7221EF2597881F0077EFBC /* Sources */,
				3F7221F02597881F0077EFBC /* Frameworks */,
				3F7221F12597881F0077EFBC /* Resources */,
				C22D9CC9F5ACAAD4982FF02F /* [CP] Embed Pods Frameworks */,
			);
			buildRules = (
			);
			dependencies = (
				3F7221F52597881F0077EFBC /* PBXTargetDependency */,
			);
			name = WeatherApxUITests;
			productName = WeatherApxUITests;
			productReference = 3F7221F32597881F0077EFBC /* WeatherApxUITests.xctest */;
			productType = "com.apple.product-type.bundle.ui-testing";
		};
/* End PBXNativeTarget section */

/* Begin PBXProject section */
		3F7221CA2597881C0077EFBC /* Project object */ = {
			isa = PBXProject;
			attributes = {
				LastSwiftUpdateCheck = 1200;
				LastUpgradeCheck = 1200;
				TargetAttributes = {
					3F7221D12597881C0077EFBC = {
						CreatedOnToolsVersion = 12.0.1;
					};
					3F7221E72597881F0077EFBC = {
						CreatedOnToolsVersion = 12.0.1;
						TestTargetID = 3F7221D12597881C0077EFBC;
					};
					3F7221F22597881F0077EFBC = {
						CreatedOnToolsVersion = 12.0.1;
						TestTargetID = 3F7221D12597881C0077EFBC;
					};
				};
			};
			buildConfigurationList = 3F7221CD2597881C0077EFBC /* Build configuration list for PBXProject "WeatherApx" */;
			compatibilityVersion = "Xcode 9.3";
			developmentRegion = en;
			hasScannedForEncodings = 0;
			knownRegions = (
				en,
				Base,
			);
			mainGroup = 3F7221C92597881C0077EFBC;
			productRefGroup = 3F7221D32597881C0077EFBC /* Products */;
			projectDirPath = "";
			projectRoot = "";
			targets = (
				3F7221D12597881C0077EFBC /* WeatherApx */,
				3F7221E72597881F0077EFBC /* WeatherApxTests */,
				3F7221F22597881F0077EFBC /* WeatherApxUITests */,
			);
		};
/* End PBXProject section */

/* Begin PBXResourcesBuildPhase section */
		3F7221D02597881C0077EFBC /* Resources */ = {
			isa = PBXResourcesBuildPhase;
			buildActionMask = 2147483647;
			files = (
				3F7221E22597881E0077EFBC /* LaunchScreen.storyboard in Resources */,
				3F7221DF2597881E0077EFBC /* Assets.xcassets in Resources */,
				3F7221DD2597881C0077EFBC /* Main.storyboard in Resources */,
			);
			runOnlyForDeploymentPostprocessing = 0;
		};
		3F7221E62597881F0077EFBC /* Resources */ = {
			isa = PBXResourcesBuildPhase;
			buildActionMask = 2147483647;
			files = (
			);
			runOnlyForDeploymentPostprocessing = 0;
		};
		3F7221F12597881F0077EFBC /* Resources */ = {
			isa = PBXResourcesBuildPhase;
			buildActionMask = 2147483647;
			files = (
			);
			runOnlyForDeploymentPostprocessing = 0;
		};
/* End PBXResourcesBuildPhase section */

/* Begin PBXShellScriptBuildPhase section */
		0F540A221E16EAA3DEFA7BB9 /* [CP] Check Pods Manifest.lock */ = {
			isa = PBXShellScriptBuildPhase;
			buildActionMask = 2147483647;
			files = (
			);
			inputFileListPaths = (
			);
			inputPaths = (
				"${PODS_PODFILE_DIR_PATH}/Podfile.lock",
				"${PODS_ROOT}/Manifest.lock",
			);
			name = "[CP] Check Pods Manifest.lock";
			outputFileListPaths = (
			);
			outputPaths = (
				"$(DERIVED_FILE_DIR)/Pods-WeatherApxTests-checkManifestLockResult.txt",
			);
			runOnlyForDeploymentPostprocessing = 0;
			shellPath = /bin/sh;
			shellScript = "diff \"${PODS_PODFILE_DIR_PATH}/Podfile.lock\" \"${PODS_ROOT}/Manifest.lock\" > /dev/null\nif [ $? != 0 ] ; then\n    # print error to STDERR\n    echo \"error: The sandbox is not in sync with the Podfile.lock. Run 'pod install' or update your CocoaPods installation.\" >&2\n    exit 1\nfi\n# This output is used by Xcode 'outputs' to avoid re-running this script phase.\necho \"SUCCESS\" > \"${SCRIPT_OUTPUT_FILE_0}\"\n";
			showEnvVarsInLog = 0;
		};
		9592DDB50B59CBCECD54170B /* [CP] Check Pods Manifest.lock */ = {
			isa = PBXShellScriptBuildPhase;
			buildActionMask = 2147483647;
			files = (
			);
			inputFileListPaths = (
			);
			inputPaths = (
				"${PODS_PODFILE_DIR_PATH}/Podfile.lock",
				"${PODS_ROOT}/Manifest.lock",
			);
			name = "[CP] Check Pods Manifest.lock";
			outputFileListPaths = (
			);
			outputPaths = (
				"$(DERIVED_FILE_DIR)/Pods-WeatherApx-checkManifestLockResult.txt",
			);
			runOnlyForDeploymentPostprocessing = 0;
			shellPath = /bin/sh;
			shellScript = "diff \"${PODS_PODFILE_DIR_PATH}/Podfile.lock\" \"${PODS_ROOT}/Manifest.lock\" > /dev/null\nif [ $? != 0 ] ; then\n    # print error to STDERR\n    echo \"error: The sandbox is not in sync with the Podfile.lock. Run 'pod install' or update your CocoaPods installation.\" >&2\n    exit 1\nfi\n# This output is used by Xcode 'outputs' to avoid re-running this script phase.\necho \"SUCCESS\" > \"${SCRIPT_OUTPUT_FILE_0}\"\n";
			showEnvVarsInLog = 0;
		};
		C22D9CC9F5ACAAD4982FF02F /* [CP] Embed Pods Frameworks */ = {
			isa = PBXShellScriptBuildPhase;
			buildActionMask = 2147483647;
			files = (
			);
			inputFileListPaths = (
				"${PODS_ROOT}/Target Support Files/Pods-WeatherApx-WeatherApxUITests/Pods-WeatherApx-WeatherApxUITests-frameworks-${CONFIGURATION}-input-files.xcfilelist",
			);
			name = "[CP] Embed Pods Frameworks";
			outputFileListPaths = (
				"${PODS_ROOT}/Target Support Files/Pods-WeatherApx-WeatherApxUITests/Pods-WeatherApx-WeatherApxUITests-frameworks-${CONFIGURATION}-output-files.xcfilelist",
			);
			runOnlyForDeploymentPostprocessing = 0;
			shellPath = /bin/sh;
			shellScript = "\"${PODS_ROOT}/Target Support Files/Pods-WeatherApx-WeatherApxUITests/Pods-WeatherApx-WeatherApxUITests-frameworks.sh\"\n";
			showEnvVarsInLog = 0;
		};
		C92D160E05C38CDC842D8963 /* [CP] Check Pods Manifest.lock */ = {
			isa = PBXShellScriptBuildPhase;
			buildActionMask = 2147483647;
			files = (
			);
			inputFileListPaths = (
			);
			inputPaths = (
				"${PODS_PODFILE_DIR_PATH}/Podfile.lock",
				"${PODS_ROOT}/Manifest.lock",
			);
			name = "[CP] Check Pods Manifest.lock";
			outputFileListPaths = (
			);
			outputPaths = (
				"$(DERIVED_FILE_DIR)/Pods-WeatherApx-WeatherApxUITests-checkManifestLockResult.txt",
			);
			runOnlyForDeploymentPostprocessing = 0;
			shellPath = /bin/sh;
			shellScript = "diff \"${PODS_PODFILE_DIR_PATH}/Podfile.lock\" \"${PODS_ROOT}/Manifest.lock\" > /dev/null\nif [ $? != 0 ] ; then\n    # print error to STDERR\n    echo \"error: The sandbox is not in sync with the Podfile.lock. Run 'pod install' or update your CocoaPods installation.\" >&2\n    exit 1\nfi\n# This output is used by Xcode 'outputs' to avoid re-running this script phase.\necho \"SUCCESS\" > \"${SCRIPT_OUTPUT_FILE_0}\"\n";
			showEnvVarsInLog = 0;
		};
		F4C6FC7DEADF958AD61AC5A5 /* [CP] Embed Pods Frameworks */ = {
			isa = PBXShellScriptBuildPhase;
			buildActionMask = 2147483647;
			files = (
			);
			inputFileListPaths = (
				"${PODS_ROOT}/Target Support Files/Pods-WeatherApx/Pods-WeatherApx-frameworks-${CONFIGURATION}-input-files.xcfilelist",
			);
			name = "[CP] Embed Pods Frameworks";
			outputFileListPaths = (
				"${PODS_ROOT}/Target Support Files/Pods-WeatherApx/Pods-WeatherApx-frameworks-${CONFIGURATION}-output-files.xcfilelist",
			);
			runOnlyForDeploymentPostprocessing = 0;
			shellPath = /bin/sh;
			shellScript = "\"${PODS_ROOT}/Target Support Files/Pods-WeatherApx/Pods-WeatherApx-frameworks.sh\"\n";
			showEnvVarsInLog = 0;
		};
/* End PBXShellScriptBuildPhase section */

/* Begin PBXSourcesBuildPhase section */
		3F7221CE2597881C0077EFBC /* Sources */ = {
			isa = PBXSourcesBuildPhase;
			buildActionMask = 2147483647;
			files = (
				3F31829325A331110038DB91 /* DetailManager.swift in Sources */,
				3F31828925A329F60038DB91 /* DetailModel.swift in Sources */,
				3F77C8A325A8893F001537C3 /* NotificationViewController.swift in Sources */,
				3F7221D62597881C0077EFBC /* AppDelegate.swift in Sources */,
				3F31825A259B5E2F0038DB91 /* WeatherViewController.swift in Sources */,
				3F318265259B63AD0038DB91 /* WeatherManager.swift in Sources */,
				3F7221D82597881C0077EFBC /* SceneDelegate.swift in Sources */,
				3F77C86825A84183001537C3 /* BottomSheetViewController.swift in Sources */,
				3F31828E25A32A200038DB91 /* DetailData.swift in Sources */,
				3F31826F259B65770038DB91 /* WeatherData.swift in Sources */,
				3F31826A259B654B0038DB91 /* WeatherModel.swift in Sources */,
				3F31827D25A30B040038DB91 /* DetailViewController.swift in Sources */,
			);
			runOnlyForDeploymentPostprocessing = 0;
		};
		3F7221E42597881F0077EFBC /* Sources */ = {
			isa = PBXSourcesBuildPhase;
			buildActionMask = 2147483647;
			files = (
				3F7221ED2597881F0077EFBC /* WeatherApxTests.swift in Sources */,
			);
			runOnlyForDeploymentPostprocessing = 0;
		};
		3F7221EF2597881F0077EFBC /* Sources */ = {
			isa = PBXSourcesBuildPhase;
			buildActionMask = 2147483647;
			files = (
				3F7221F82597881F0077EFBC /* WeatherApxUITests.swift in Sources */,
			);
			runOnlyForDeploymentPostprocessing = 0;
		};
/* End PBXSourcesBuildPhase section */

/* Begin PBXTargetDependency section */
		3F7221EA2597881F0077EFBC /* PBXTargetDependency */ = {
			isa = PBXTargetDependency;
			target = 3F7221D12597881C0077EFBC /* WeatherApx */;
			targetProxy = 3F7221E92597881F0077EFBC /* PBXContainerItemProxy */;
		};
		3F7221F52597881F0077EFBC /* PBXTargetDependency */ = {
			isa = PBXTargetDependency;
			target = 3F7221D12597881C0077EFBC /* WeatherApx */;
			targetProxy = 3F7221F42597881F0077EFBC /* PBXContainerItemProxy */;
		};
/* End PBXTargetDependency section */

/* Begin PBXVariantGroup section */
		3F7221DB2597881C0077EFBC /* Main.storyboard */ = {
			isa = PBXVariantGroup;
			children = (
				3F7221DC2597881C0077EFBC /* Base */,
			);
			name = Main.storyboard;
			sourceTree = "<group>";
		};
		3F7221E02597881E0077EFBC /* LaunchScreen.storyboard */ = {
			isa = PBXVariantGroup;
			children = (
				3F7221E12597881E0077EFBC /* Base */,
			);
			name = LaunchScreen.storyboard;
			sourceTree = "<group>";
		};
/* End PBXVariantGroup section */

/* Begin XCBuildConfiguration section */
		3F7221FA2597881F0077EFBC /* Debug */ = {
			isa = XCBuildConfiguration;
			buildSettings = {
				ALWAYS_SEARCH_USER_PATHS = NO;
				CLANG_ANALYZER_NONNULL = YES;
				CLANG_ANALYZER_NUMBER_OBJECT_CONVERSION = YES_AGGRESSIVE;
				CLANG_CXX_LANGUAGE_STANDARD = "gnu++14";
				CLANG_CXX_LIBRARY = "libc++";
				CLANG_ENABLE_MODULES = YES;
				CLANG_ENABLE_OBJC_ARC = YES;
				CLANG_ENABLE_OBJC_WEAK = YES;
				CLANG_WARN_BLOCK_CAPTURE_AUTORELEASING = YES;
				CLANG_WARN_BOOL_CONVERSION = YES;
				CLANG_WARN_COMMA = YES;
				CLANG_WARN_CONSTANT_CONVERSION = YES;
				CLANG_WARN_DEPRECATED_OBJC_IMPLEMENTATIONS = YES;
				CLANG_WARN_DIRECT_OBJC_ISA_USAGE = YES_ERROR;
				CLANG_WARN_DOCUMENTATION_COMMENTS = YES;
				CLANG_WARN_EMPTY_BODY = YES;
				CLANG_WARN_ENUM_CONVERSION = YES;
				CLANG_WARN_INFINITE_RECURSION = YES;
				CLANG_WARN_INT_CONVERSION = YES;
				CLANG_WARN_NON_LITERAL_NULL_CONVERSION = YES;
				CLANG_WARN_OBJC_IMPLICIT_RETAIN_SELF = YES;
				CLANG_WARN_OBJC_LITERAL_CONVERSION = YES;
				CLANG_WARN_OBJC_ROOT_CLASS = YES_ERROR;
				CLANG_WARN_QUOTED_INCLUDE_IN_FRAMEWORK_HEADER = YES;
				CLANG_WARN_RANGE_LOOP_ANALYSIS = YES;
				CLANG_WARN_STRICT_PROTOTYPES = YES;
				CLANG_WARN_SUSPICIOUS_MOVE = YES;
				CLANG_WARN_UNGUARDED_AVAILABILITY = YES_AGGRESSIVE;
				CLANG_WARN_UNREACHABLE_CODE = YES;
				CLANG_WARN__DUPLICATE_METHOD_MATCH = YES;
				COPY_PHASE_STRIP = NO;
				DEBUG_INFORMATION_FORMAT = dwarf;
				ENABLE_STRICT_OBJC_MSGSEND = YES;
				ENABLE_TESTABILITY = YES;
				GCC_C_LANGUAGE_STANDARD = gnu11;
				GCC_DYNAMIC_NO_PIC = NO;
				GCC_NO_COMMON_BLOCKS = YES;
				GCC_OPTIMIZATION_LEVEL = 0;
				GCC_PREPROCESSOR_DEFINITIONS = (
					"DEBUG=1",
					"$(inherited)",
				);
				GCC_WARN_64_TO_32_BIT_CONVERSION = YES;
				GCC_WARN_ABOUT_RETURN_TYPE = YES_ERROR;
				GCC_WARN_UNDECLARED_SELECTOR = YES;
				GCC_WARN_UNINITIALIZED_AUTOS = YES_AGGRESSIVE;
				GCC_WARN_UNUSED_FUNCTION = YES;
				GCC_WARN_UNUSED_VARIABLE = YES;
				IPHONEOS_DEPLOYMENT_TARGET = 14.0;
				MTL_ENABLE_DEBUG_INFO = INCLUDE_SOURCE;
				MTL_FAST_MATH = YES;
				ONLY_ACTIVE_ARCH = YES;
				SDKROOT = iphoneos;
				SWIFT_ACTIVE_COMPILATION_CONDITIONS = DEBUG;
				SWIFT_OPTIMIZATION_LEVEL = "-Onone";
			};
			name = Debug;
		};
		3F7221FB2597881F0077EFBC /* Release */ = {
			isa = XCBuildConfiguration;
			buildSettings = {
				ALWAYS_SEARCH_USER_PATHS = NO;
				CLANG_ANALYZER_NONNULL = YES;
				CLANG_ANALYZER_NUMBER_OBJECT_CONVERSION = YES_AGGRESSIVE;
				CLANG_CXX_LANGUAGE_STANDARD = "gnu++14";
				CLANG_CXX_LIBRARY = "libc++";
				CLANG_ENABLE_MODULES = YES;
				CLANG_ENABLE_OBJC_ARC = YES;
				CLANG_ENABLE_OBJC_WEAK = YES;
				CLANG_WARN_BLOCK_CAPTURE_AUTORELEASING = YES;
				CLANG_WARN_BOOL_CONVERSION = YES;
				CLANG_WARN_COMMA = YES;
				CLANG_WARN_CONSTANT_CONVERSION = YES;
				CLANG_WARN_DEPRECATED_OBJC_IMPLEMENTATIONS = YES;
				CLANG_WARN_DIRECT_OBJC_ISA_USAGE = YES_ERROR;
				CLANG_WARN_DOCUMENTATION_COMMENTS = YES;
				CLANG_WARN_EMPTY_BODY = YES;
				CLANG_WARN_ENUM_CONVERSION = YES;
				CLANG_WARN_INFINITE_RECURSION = YES;
				CLANG_WARN_INT_CONVERSION = YES;
				CLANG_WARN_NON_LITERAL_NULL_CONVERSION = YES;
				CLANG_WARN_OBJC_IMPLICIT_RETAIN_SELF = YES;
				CLANG_WARN_OBJC_LITERAL_CONVERSION = YES;
				CLANG_WARN_OBJC_ROOT_CLASS = YES_ERROR;
				CLANG_WARN_QUOTED_INCLUDE_IN_FRAMEWORK_HEADER = YES;
				CLANG_WARN_RANGE_LOOP_ANALYSIS = YES;
				CLANG_WARN_STRICT_PROTOTYPES = YES;
				CLANG_WARN_SUSPICIOUS_MOVE = YES;
				CLANG_WARN_UNGUARDED_AVAILABILITY = YES_AGGRESSIVE;
				CLANG_WARN_UNREACHABLE_CODE = YES;
				CLANG_WARN__DUPLICATE_METHOD_MATCH = YES;
				COPY_PHASE_STRIP = NO;
				DEBUG_INFORMATION_FORMAT = "dwarf-with-dsym";
				ENABLE_NS_ASSERTIONS = NO;
				ENABLE_STRICT_OBJC_MSGSEND = YES;
				GCC_C_LANGUAGE_STANDARD = gnu11;
				GCC_NO_COMMON_BLOCKS = YES;
				GCC_WARN_64_TO_32_BIT_CONVERSION = YES;
				GCC_WARN_ABOUT_RETURN_TYPE = YES_ERROR;
				GCC_WARN_UNDECLARED_SELECTOR = YES;
				GCC_WARN_UNINITIALIZED_AUTOS = YES_AGGRESSIVE;
				GCC_WARN_UNUSED_FUNCTION = YES;
				GCC_WARN_UNUSED_VARIABLE = YES;
				IPHONEOS_DEPLOYMENT_TARGET = 14.0;
				MTL_ENABLE_DEBUG_INFO = NO;
				MTL_FAST_MATH = YES;
				SDKROOT = iphoneos;
				SWIFT_COMPILATION_MODE = wholemodule;
				SWIFT_OPTIMIZATION_LEVEL = "-O";
				VALIDATE_PRODUCT = YES;
			};
			name = Release;
		};
		3F7221FD2597881F0077EFBC /* Debug */ = {
			isa = XCBuildConfiguration;
			baseConfigurationReference = 23F4D253BB4E4A705C946929 /* Pods-WeatherApx.debug.xcconfig */;
			buildSettings = {
				ASSETCATALOG_COMPILER_APPICON_NAME = AppIcon;
				ASSETCATALOG_COMPILER_GLOBAL_ACCENT_COLOR_NAME = AccentColor;
				CODE_SIGN_STYLE = Automatic;
				DEVELOPMENT_TEAM = N6CSQ2SD78;
				INFOPLIST_FILE = WeatherApx/Info.plist;
				LD_RUNPATH_SEARCH_PATHS = (
					"$(inherited)",
					"@executable_path/Frameworks",
				);
				PRODUCT_BUNDLE_IDENTIFIER = com.chukwuemekajennifer.WeatherApx;
				PRODUCT_NAME = "$(TARGET_NAME)";
				SWIFT_VERSION = 5.0;
				TARGETED_DEVICE_FAMILY = "1,2";
			};
			name = Debug;
		};
		3F7221FE2597881F0077EFBC /* Release */ = {
			isa = XCBuildConfiguration;
			baseConfigurationReference = BD537FF0303A930F975FB32F /* Pods-WeatherApx.release.xcconfig */;
			buildSettings = {
				ASSETCATALOG_COMPILER_APPICON_NAME = AppIcon;
				ASSETCATALOG_COMPILER_GLOBAL_ACCENT_COLOR_NAME = AccentColor;
				CODE_SIGN_STYLE = Automatic;
				DEVELOPMENT_TEAM = N6CSQ2SD78;
				INFOPLIST_FILE = WeatherApx/Info.plist;
				LD_RUNPATH_SEARCH_PATHS = (
					"$(inherited)",
					"@executable_path/Frameworks",
				);
				PRODUCT_BUNDLE_IDENTIFIER = com.chukwuemekajennifer.WeatherApx;
				PRODUCT_NAME = "$(TARGET_NAME)";
				SWIFT_VERSION = 5.0;
				TARGETED_DEVICE_FAMILY = "1,2";
			};
			name = Release;
		};
		3F7222002597881F0077EFBC /* Debug */ = {
			isa = XCBuildConfiguration;
			baseConfigurationReference = CEC6A64E50608260E6A7909B /* Pods-WeatherApxTests.debug.xcconfig */;
			buildSettings = {
				ALWAYS_EMBED_SWIFT_STANDARD_LIBRARIES = YES;
				BUNDLE_LOADER = "$(TEST_HOST)";
				CODE_SIGN_STYLE = Automatic;
				DEVELOPMENT_TEAM = N6CSQ2SD78;
				INFOPLIST_FILE = WeatherApxTests/Info.plist;
				IPHONEOS_DEPLOYMENT_TARGET = 14.0;
				LD_RUNPATH_SEARCH_PATHS = (
					"$(inherited)",
					"@executable_path/Frameworks",
					"@loader_path/Frameworks",
				);
				PRODUCT_BUNDLE_IDENTIFIER = com.chukwuemekajennifer.WeatherApxTests;
				PRODUCT_NAME = "$(TARGET_NAME)";
				SWIFT_VERSION = 5.0;
				TARGETED_DEVICE_FAMILY = "1,2";
				TEST_HOST = "$(BUILT_PRODUCTS_DIR)/WeatherApx.app/WeatherApx";
			};
			name = Debug;
		};
		3F7222012597881F0077EFBC /* Release */ = {
			isa = XCBuildConfiguration;
			baseConfigurationReference = 7769C76A9817E8280B81A225 /* Pods-WeatherApxTests.release.xcconfig */;
			buildSettings = {
				ALWAYS_EMBED_SWIFT_STANDARD_LIBRARIES = YES;
				BUNDLE_LOADER = "$(TEST_HOST)";
				CODE_SIGN_STYLE = Automatic;
				DEVELOPMENT_TEAM = N6CSQ2SD78;
				INFOPLIST_FILE = WeatherApxTests/Info.plist;
				IPHONEOS_DEPLOYMENT_TARGET = 14.0;
				LD_RUNPATH_SEARCH_PATHS = (
					"$(inherited)",
					"@executable_path/Frameworks",
					"@loader_path/Frameworks",
				);
				PRODUCT_BUNDLE_IDENTIFIER = com.chukwuemekajennifer.WeatherApxTests;
				PRODUCT_NAME = "$(TARGET_NAME)";
				SWIFT_VERSION = 5.0;
				TARGETED_DEVICE_FAMILY = "1,2";
				TEST_HOST = "$(BUILT_PRODUCTS_DIR)/WeatherApx.app/WeatherApx";
			};
			name = Release;
		};
		3F7222032597881F0077EFBC /* Debug */ = {
			isa = XCBuildConfiguration;
			baseConfigurationReference = 73DBEAEBE001B5141A4BA636 /* Pods-WeatherApx-WeatherApxUITests.debug.xcconfig */;
			buildSettings = {
				ALWAYS_EMBED_SWIFT_STANDARD_LIBRARIES = YES;
				CODE_SIGN_STYLE = Automatic;
				DEVELOPMENT_TEAM = N6CSQ2SD78;
				INFOPLIST_FILE = WeatherApxUITests/Info.plist;
				LD_RUNPATH_SEARCH_PATHS = (
					"$(inherited)",
					"@executable_path/Frameworks",
					"@loader_path/Frameworks",
				);
				PRODUCT_BUNDLE_IDENTIFIER = com.chukwuemekajennifer.WeatherApxUITests;
				PRODUCT_NAME = "$(TARGET_NAME)";
				SWIFT_VERSION = 5.0;
				TARGETED_DEVICE_FAMILY = "1,2";
				TEST_TARGET_NAME = WeatherApx;
			};
			name = Debug;
		};
		3F7222042597881F0077EFBC /* Release */ = {
			isa = XCBuildConfiguration;
			baseConfigurationReference = 626708F27D992A5D12EA223B /* Pods-WeatherApx-WeatherApxUITests.release.xcconfig */;
			buildSettings = {
				ALWAYS_EMBED_SWIFT_STANDARD_LIBRARIES = YES;
				CODE_SIGN_STYLE = Automatic;
				DEVELOPMENT_TEAM = N6CSQ2SD78;
				INFOPLIST_FILE = WeatherApxUITests/Info.plist;
				LD_RUNPATH_SEARCH_PATHS = (
					"$(inherited)",
					"@executable_path/Frameworks",
					"@loader_path/Frameworks",
				);
				PRODUCT_BUNDLE_IDENTIFIER = com.chukwuemekajennifer.WeatherApxUITests;
				PRODUCT_NAME = "$(TARGET_NAME)";
				SWIFT_VERSION = 5.0;
				TARGETED_DEVICE_FAMILY = "1,2";
				TEST_TARGET_NAME = WeatherApx;
			};
			name = Release;
		};
/* End XCBuildConfiguration section */

/* Begin XCConfigurationList section */
		3F7221CD2597881C0077EFBC /* Build configuration list for PBXProject "WeatherApx" */ = {
			isa = XCConfigurationList;
			buildConfigurations = (
				3F7221FA2597881F0077EFBC /* Debug */,
				3F7221FB2597881F0077EFBC /* Release */,
			);
			defaultConfigurationIsVisible = 0;
			defaultConfigurationName = Release;
		};
		3F7221FC2597881F0077EFBC /* Build configuration list for PBXNativeTarget "WeatherApx" */ = {
			isa = XCConfigurationList;
			buildConfigurations = (
				3F7221FD2597881F0077EFBC /* Debug */,
				3F7221FE2597881F0077EFBC /* Release */,
			);
			defaultConfigurationIsVisible = 0;
			defaultConfigurationName = Release;
		};
		3F7221FF2597881F0077EFBC /* Build configuration list for PBXNativeTarget "WeatherApxTests" */ = {
			isa = XCConfigurationList;
			buildConfigurations = (
				3F7222002597881F0077EFBC /* Debug */,
				3F7222012597881F0077EFBC /* Release */,
			);
			defaultConfigurationIsVisible = 0;
			defaultConfigurationName = Release;
		};
		3F7222022597881F0077EFBC /* Build configuration list for PBXNativeTarget "WeatherApxUITests" */ = {
			isa = XCConfigurationList;
			buildConfigurations = (
				3F7222032597881F0077EFBC /* Debug */,
				3F7222042597881F0077EFBC /* Release */,
			);
			defaultConfigurationIsVisible = 0;
			defaultConfigurationName = Release;
		};
/* End XCConfigurationList section */
	};
	rootObject = 3F7221CA2597881C0077EFBC /* Project object */;
}
